
Microsoft Visual Studio Solution File, Format Version 12.00
# Visual Studio 15
VisualStudioVersion = 15.0.28307.1062
MinimumVisualStudioVersion = 10.0.40219.1
Project("{FAE04EC0-301F-11D3-BF4B-00C04F79EFBC}") = "CDMServicesDemo", "CDMServicesDemo\CDMServicesDemo.csproj", "{110011AA-ED6D-4254-B577-49D05A7BC57D}"
EndProject
Global
	GlobalSection(SolutionConfigurationPlatforms) = preSolution
		Debug|Any CPU = Debug|Any CPU
		Release|Any CPU = Release|Any CPU
	EndGlobalSection
	GlobalSection(ProjectConfigurationPlatforms) = postSolution
		{110011AA-ED6D-4254-B577-49D05A7BC57D}.Debug|Any CPU.ActiveCfg = Debug|Any CPU
		{110011AA-ED6D-4254-B577-49D05A7BC57D}.Debug|Any CPU.Build.0 = Debug|Any CPU
		{110011AA-ED6D-4254-B577-49D05A7BC57D}.Release|Any CPU.ActiveCfg = Release|Any CPU
		{110011AA-ED6D-4254-B577-49D05A7BC57D}.Release|Any CPU.Build.0 = Release|Any CPU
	EndGlobalSection
	GlobalSection(SolutionProperties) = preSolution
		HideSolutionNode = FALSE
	EndGlobalSection
	GlobalSection(ExtensibilityGlobals) = postSolution
		SolutionGuid = {380B093E-5775-4DA9-8CB2-57AF3F28953E}
	EndGlobalSection
EndGlobal
