
Microsoft Visual Studio Solution File, Format Version 12.00
# Visual Studio 14
VisualStudioVersion = 14.0.25420.1
MinimumVisualStudioVersion = 10.0.40219.1
Project("{FAE04EC0-301F-11D3-BF4B-00C04F79EFBC}") = "TCBrowser.iOS", "TCBrowser.iOS\TCBrowser.iOS.csproj", "{9FA7743B-88F1-47E7-8011-659D37CE402A}"
EndProject
Project("{FAE04EC0-301F-11D3-BF4B-00C04F79EFBC}") = "TCBrowser.Droid", "TCBrowser.Droid\TCBrowser.Droid.csproj", "{BCFA947F-9A90-4F75-84F0-5C4A2288E8E4}"
EndProject
Project("{D954291E-2A0B-460D-934E-DC6B0785DB48}") = "TCBrowser", "TCBrowser\TCBrowser.shproj", "{98AC88AD-3C62-4BBC-9D35-5FDBEBD704E7}"
EndProject
Project("{FAE04EC0-301F-11D3-BF4B-00C04F79EFBC}") = "TCBrowser.UWP", "TCBrowser.UWP\TCBrowser.UWP.csproj", "{9F2BE21E-67D0-419F-B7D9-739981B1C019}"
EndProject
Global
	GlobalSection(SharedMSBuildProjectFiles) = preSolution
		TCBrowser\TCBrowser.projitems*{98ac88ad-3c62-4bbc-9d35-5fdbebd704e7}*SharedItemsImports = 13
		TCBrowser\TCBrowser.projitems*{9f2be21e-67d0-419f-b7d9-739981b1c019}*SharedItemsImports = 4
		TCBrowser\TCBrowser.projitems*{9fa7743b-88f1-47e7-8011-659d37ce402a}*SharedItemsImports = 4
		TCBrowser\TCBrowser.projitems*{bcfa947f-9a90-4f75-84f0-5c4a2288e8e4}*SharedItemsImports = 4
	EndGlobalSection
	GlobalSection(SolutionConfigurationPlatforms) = preSolution
		Ad-Hoc|Any CPU = Ad-Hoc|Any CPU
		Ad-Hoc|ARM = Ad-Hoc|ARM
		Ad-Hoc|iPhone = Ad-Hoc|iPhone
		Ad-Hoc|iPhoneSimulator = Ad-Hoc|iPhoneSimulator
		Ad-Hoc|Mixed Platforms = Ad-Hoc|Mixed Platforms
		Ad-Hoc|x64 = Ad-Hoc|x64
		Ad-Hoc|x86 = Ad-Hoc|x86
		AppStore|Any CPU = AppStore|Any CPU
		AppStore|ARM = AppStore|ARM
		AppStore|iPhone = AppStore|iPhone
		AppStore|iPhoneSimulator = AppStore|iPhoneSimulator
		AppStore|Mixed Platforms = AppStore|Mixed Platforms
		AppStore|x64 = AppStore|x64
		AppStore|x86 = AppStore|x86
		Debug|Any CPU = Debug|Any CPU
		Debug|ARM = Debug|ARM
		Debug|iPhone = Debug|iPhone
		Debug|iPhoneSimulator = Debug|iPhoneSimulator
		Debug|Mixed Platforms = Debug|Mixed Platforms
		Debug|x64 = Debug|x64
		Debug|x86 = Debug|x86
		Release|Any CPU = Release|Any CPU
		Release|ARM = Release|ARM
		Release|iPhone = Release|iPhone
		Release|iPhoneSimulator = Release|iPhoneSimulator
		Release|Mixed Platforms = Release|Mixed Platforms
		Release|x64 = Release|x64
		Release|x86 = Release|x86
	EndGlobalSection
	GlobalSection(ProjectConfigurationPlatforms) = postSolution
		{9FA7743B-88F1-47E7-8011-659D37CE402A}.Ad-Hoc|Any CPU.ActiveCfg = Ad-Hoc|iPhone
		{9FA7743B-88F1-47E7-8011-659D37CE402A}.Ad-Hoc|ARM.ActiveCfg = Ad-Hoc|iPhoneSimulator
		{9FA7743B-88F1-47E7-8011-659D37CE402A}.Ad-Hoc|iPhone.ActiveCfg = Ad-Hoc|iPhone
		{9FA7743B-88F1-47E7-8011-659D37CE402A}.Ad-Hoc|iPhone.Build.0 = Ad-Hoc|iPhone
		{9FA7743B-88F1-47E7-8011-659D37CE402A}.Ad-Hoc|iPhoneSimulator.ActiveCfg = Ad-Hoc|iPhoneSimulator
		{9FA7743B-88F1-47E7-8011-659D37CE402A}.Ad-Hoc|iPhoneSimulator.Build.0 = Ad-Hoc|iPhoneSimulator
		{9FA7743B-88F1-47E7-8011-659D37CE402A}.Ad-Hoc|Mixed Platforms.ActiveCfg = Ad-Hoc|iPhone
		{9FA7743B-88F1-47E7-8011-659D37CE402A}.Ad-Hoc|x64.ActiveCfg = Ad-Hoc|iPhoneSimulator
		{9FA7743B-88F1-47E7-8011-659D37CE402A}.Ad-Hoc|x86.ActiveCfg = Ad-Hoc|iPhoneSimulator
		{9FA7743B-88F1-47E7-8011-659D37CE402A}.AppStore|Any CPU.ActiveCfg = AppStore|iPhone
		{9FA7743B-88F1-47E7-8011-659D37CE402A}.AppStore|ARM.ActiveCfg = AppStore|iPhoneSimulator
		{9FA7743B-88F1-47E7-8011-659D37CE402A}.AppStore|iPhone.ActiveCfg = AppStore|iPhone
		{9FA7743B-88F1-47E7-8011-659D37CE402A}.AppStore|iPhone.Build.0 = AppStore|iPhone
		{9FA7743B-88F1-47E7-8011-659D37CE402A}.AppStore|iPhoneSimulator.ActiveCfg = AppStore|iPhoneSimulator
		{9FA7743B-88F1-47E7-8011-659D37CE402A}.AppStore|iPhoneSimulator.Build.0 = AppStore|iPhoneSimulator
		{9FA7743B-88F1-47E7-8011-659D37CE402A}.AppStore|Mixed Platforms.ActiveCfg = AppStore|iPhone
		{9FA7743B-88F1-47E7-8011-659D37CE402A}.AppStore|x64.ActiveCfg = AppStore|iPhoneSimulator
		{9FA7743B-88F1-47E7-8011-659D37CE402A}.AppStore|x86.ActiveCfg = AppStore|iPhoneSimulator
		{9FA7743B-88F1-47E7-8011-659D37CE402A}.Debug|Any CPU.ActiveCfg = Debug|iPhoneSimulator
		{9FA7743B-88F1-47E7-8011-659D37CE402A}.Debug|Any CPU.Build.0 = Debug|iPhoneSimulator
		{9FA7743B-88F1-47E7-8011-659D37CE402A}.Debug|ARM.ActiveCfg = Debug|iPhoneSimulator
		{9FA7743B-88F1-47E7-8011-659D37CE402A}.Debug|iPhone.ActiveCfg = Debug|iPhone
		{9FA7743B-88F1-47E7-8011-659D37CE402A}.Debug|iPhone.Build.0 = Debug|iPhone
		{9FA7743B-88F1-47E7-8011-659D37CE402A}.Debug|iPhoneSimulator.ActiveCfg = Debug|iPhoneSimulator
		{9FA7743B-88F1-47E7-8011-659D37CE402A}.Debug|iPhoneSimulator.Build.0 = Debug|iPhoneSimulator
		{9FA7743B-88F1-47E7-8011-659D37CE402A}.Debug|Mixed Platforms.ActiveCfg = Debug|iPhone
		{9FA7743B-88F1-47E7-8011-659D37CE402A}.Debug|Mixed Platforms.Build.0 = Debug|iPhone
		{9FA7743B-88F1-47E7-8011-659D37CE402A}.Debug|x64.ActiveCfg = Debug|iPhoneSimulator
		{9FA7743B-88F1-47E7-8011-659D37CE402A}.Debug|x86.ActiveCfg = Debug|iPhoneSimulator
		{9FA7743B-88F1-47E7-8011-659D37CE402A}.Release|Any CPU.ActiveCfg = Release|iPhone
		{9FA7743B-88F1-47E7-8011-659D37CE402A}.Release|ARM.ActiveCfg = Release|iPhoneSimulator
		{9FA7743B-88F1-47E7-8011-659D37CE402A}.Release|iPhone.ActiveCfg = Release|iPhone
		{9FA7743B-88F1-47E7-8011-659D37CE402A}.Release|iPhone.Build.0 = Release|iPhone
		{9FA7743B-88F1-47E7-8011-659D37CE402A}.Release|iPhoneSimulator.ActiveCfg = Release|iPhoneSimulator
		{9FA7743B-88F1-47E7-8011-659D37CE402A}.Release|iPhoneSimulator.Build.0 = Release|iPhoneSimulator
		{9FA7743B-88F1-47E7-8011-659D37CE402A}.Release|Mixed Platforms.ActiveCfg = Release|iPhone
		{9FA7743B-88F1-47E7-8011-659D37CE402A}.Release|Mixed Platforms.Build.0 = Release|iPhone
		{9FA7743B-88F1-47E7-8011-659D37CE402A}.Release|x64.ActiveCfg = Release|iPhoneSimulator
		{9FA7743B-88F1-47E7-8011-659D37CE402A}.Release|x86.ActiveCfg = Release|iPhoneSimulator
		{BCFA947F-9A90-4F75-84F0-5C4A2288E8E4}.Ad-Hoc|Any CPU.ActiveCfg = Release|Any CPU
		{BCFA947F-9A90-4F75-84F0-5C4A2288E8E4}.Ad-Hoc|Any CPU.Build.0 = Release|Any CPU
		{BCFA947F-9A90-4F75-84F0-5C4A2288E8E4}.Ad-Hoc|Any CPU.Deploy.0 = Release|Any CPU
		{BCFA947F-9A90-4F75-84F0-5C4A2288E8E4}.Ad-Hoc|ARM.ActiveCfg = Debug|Any CPU
		{BCFA947F-9A90-4F75-84F0-5C4A2288E8E4}.Ad-Hoc|ARM.Build.0 = Debug|Any CPU
		{BCFA947F-9A90-4F75-84F0-5C4A2288E8E4}.Ad-Hoc|ARM.Deploy.0 = Debug|Any CPU
		{BCFA947F-9A90-4F75-84F0-5C4A2288E8E4}.Ad-Hoc|iPhone.ActiveCfg = Release|Any CPU
		{BCFA947F-9A90-4F75-84F0-5C4A2288E8E4}.Ad-Hoc|iPhoneSimulator.ActiveCfg = Release|Any CPU
		{BCFA947F-9A90-4F75-84F0-5C4A2288E8E4}.Ad-Hoc|Mixed Platforms.ActiveCfg = Release|Any CPU
		{BCFA947F-9A90-4F75-84F0-5C4A2288E8E4}.Ad-Hoc|Mixed Platforms.Build.0 = Release|Any CPU
		{BCFA947F-9A90-4F75-84F0-5C4A2288E8E4}.Ad-Hoc|Mixed Platforms.Deploy.0 = Release|Any CPU
		{BCFA947F-9A90-4F75-84F0-5C4A2288E8E4}.Ad-Hoc|x64.ActiveCfg = Debug|Any CPU
		{BCFA947F-9A90-4F75-84F0-5C4A2288E8E4}.Ad-Hoc|x64.Build.0 = Debug|Any CPU
		{BCFA947F-9A90-4F75-84F0-5C4A2288E8E4}.Ad-Hoc|x64.Deploy.0 = Debug|Any CPU
		{BCFA947F-9A90-4F75-84F0-5C4A2288E8E4}.Ad-Hoc|x86.ActiveCfg = Debug|Any CPU
		{BCFA947F-9A90-4F75-84F0-5C4A2288E8E4}.Ad-Hoc|x86.Build.0 = Debug|Any CPU
		{BCFA947F-9A90-4F75-84F0-5C4A2288E8E4}.Ad-Hoc|x86.Deploy.0 = Debug|Any CPU
		{BCFA947F-9A90-4F75-84F0-5C4A2288E8E4}.AppStore|Any CPU.ActiveCfg = Release|Any CPU
		{BCFA947F-9A90-4F75-84F0-5C4A2288E8E4}.AppStore|Any CPU.Build.0 = Release|Any CPU
		{BCFA947F-9A90-4F75-84F0-5C4A2288E8E4}.AppStore|Any CPU.Deploy.0 = Release|Any CPU
		{BCFA947F-9A90-4F75-84F0-5C4A2288E8E4}.AppStore|ARM.ActiveCfg = Debug|Any CPU
		{BCFA947F-9A90-4F75-84F0-5C4A2288E8E4}.AppStore|ARM.Build.0 = Debug|Any CPU
		{BCFA947F-9A90-4F75-84F0-5C4A2288E8E4}.AppStore|ARM.Deploy.0 = Debug|Any CPU
		{BCFA947F-9A90-4F75-84F0-5C4A2288E8E4}.AppStore|iPhone.ActiveCfg = Release|Any CPU
		{BCFA947F-9A90-4F75-84F0-5C4A2288E8E4}.AppStore|iPhoneSimulator.ActiveCfg = Release|Any CPU
		{BCFA947F-9A90-4F75-84F0-5C4A2288E8E4}.AppStore|Mixed Platforms.ActiveCfg = Release|Any CPU
		{BCFA947F-9A90-4F75-84F0-5C4A2288E8E4}.AppStore|Mixed Platforms.Build.0 = Release|Any CPU
		{BCFA947F-9A90-4F75-84F0-5C4A2288E8E4}.AppStore|Mixed Platforms.Deploy.0 = Release|Any CPU
		{BCFA947F-9A90-4F75-84F0-5C4A2288E8E4}.AppStore|x64.ActiveCfg = Debug|Any CPU
		{BCFA947F-9A90-4F75-84F0-5C4A2288E8E4}.AppStore|x64.Build.0 = Debug|Any CPU
		{BCFA947F-9A90-4F75-84F0-5C4A2288E8E4}.AppStore|x64.Deploy.0 = Debug|Any CPU
		{BCFA947F-9A90-4F75-84F0-5C4A2288E8E4}.AppStore|x86.ActiveCfg = Debug|Any CPU
		{BCFA947F-9A90-4F75-84F0-5C4A2288E8E4}.AppStore|x86.Build.0 = Debug|Any CPU
		{BCFA947F-9A90-4F75-84F0-5C4A2288E8E4}.AppStore|x86.Deploy.0 = Debug|Any CPU
		{BCFA947F-9A90-4F75-84F0-5C4A2288E8E4}.Debug|Any CPU.ActiveCfg = Debug|Any CPU
		{BCFA947F-9A90-4F75-84F0-5C4A2288E8E4}.Debug|Any CPU.Build.0 = Debug|Any CPU
		{BCFA947F-9A90-4F75-84F0-5C4A2288E8E4}.Debug|Any CPU.Deploy.0 = Debug|Any CPU
		{BCFA947F-9A90-4F75-84F0-5C4A2288E8E4}.Debug|ARM.ActiveCfg = Debug|Any CPU
		{BCFA947F-9A90-4F75-84F0-5C4A2288E8E4}.Debug|ARM.Build.0 = Debug|Any CPU
		{BCFA947F-9A90-4F75-84F0-5C4A2288E8E4}.Debug|ARM.Deploy.0 = Debug|Any CPU
		{BCFA947F-9A90-4F75-84F0-5C4A2288E8E4}.Debug|iPhone.ActiveCfg = Debug|Any CPU
		{BCFA947F-9A90-4F75-84F0-5C4A2288E8E4}.Debug|iPhoneSimulator.ActiveCfg = Debug|Any CPU
		{BCFA947F-9A90-4F75-84F0-5C4A2288E8E4}.Debug|Mixed Platforms.ActiveCfg = Debug|Any CPU
		{BCFA947F-9A90-4F75-84F0-5C4A2288E8E4}.Debug|Mixed Platforms.Build.0 = Debug|Any CPU
		{BCFA947F-9A90-4F75-84F0-5C4A2288E8E4}.Debug|x64.ActiveCfg = Debug|Any CPU
		{BCFA947F-9A90-4F75-84F0-5C4A2288E8E4}.Debug|x64.Build.0 = Debug|Any CPU
		{BCFA947F-9A90-4F75-84F0-5C4A2288E8E4}.Debug|x64.Deploy.0 = Debug|Any CPU
		{BCFA947F-9A90-4F75-84F0-5C4A2288E8E4}.Debug|x86.ActiveCfg = Debug|Any CPU
		{BCFA947F-9A90-4F75-84F0-5C4A2288E8E4}.Debug|x86.Build.0 = Debug|Any CPU
		{BCFA947F-9A90-4F75-84F0-5C4A2288E8E4}.Debug|x86.Deploy.0 = Debug|Any CPU
		{BCFA947F-9A90-4F75-84F0-5C4A2288E8E4}.Release|Any CPU.ActiveCfg = Release|Any CPU
		{BCFA947F-9A90-4F75-84F0-5C4A2288E8E4}.Release|Any CPU.Build.0 = Release|Any CPU
		{BCFA947F-9A90-4F75-84F0-5C4A2288E8E4}.Release|Any CPU.Deploy.0 = Release|Any CPU
		{BCFA947F-9A90-4F75-84F0-5C4A2288E8E4}.Release|ARM.ActiveCfg = Release|Any CPU
		{BCFA947F-9A90-4F75-84F0-5C4A2288E8E4}.Release|ARM.Build.0 = Release|Any CPU
		{BCFA947F-9A90-4F75-84F0-5C4A2288E8E4}.Release|ARM.Deploy.0 = Release|Any CPU
		{BCFA947F-9A90-4F75-84F0-5C4A2288E8E4}.Release|iPhone.ActiveCfg = Release|Any CPU
		{BCFA947F-9A90-4F75-84F0-5C4A2288E8E4}.Release|iPhoneSimulator.ActiveCfg = Release|Any CPU
		{BCFA947F-9A90-4F75-84F0-5C4A2288E8E4}.Release|Mixed Platforms.ActiveCfg = Release|Any CPU
		{BCFA947F-9A90-4F75-84F0-5C4A2288E8E4}.Release|Mixed Platforms.Build.0 = Release|Any CPU
		{BCFA947F-9A90-4F75-84F0-5C4A2288E8E4}.Release|x64.ActiveCfg = Release|Any CPU
		{BCFA947F-9A90-4F75-84F0-5C4A2288E8E4}.Release|x64.Build.0 = Release|Any CPU
		{BCFA947F-9A90-4F75-84F0-5C4A2288E8E4}.Release|x64.Deploy.0 = Release|Any CPU
		{BCFA947F-9A90-4F75-84F0-5C4A2288E8E4}.Release|x86.ActiveCfg = Release|Any CPU
		{BCFA947F-9A90-4F75-84F0-5C4A2288E8E4}.Release|x86.Build.0 = Release|Any CPU
		{BCFA947F-9A90-4F75-84F0-5C4A2288E8E4}.Release|x86.Deploy.0 = Release|Any CPU
		{9F2BE21E-67D0-419F-B7D9-739981B1C019}.Ad-Hoc|Any CPU.ActiveCfg = Release|x86
		{9F2BE21E-67D0-419F-B7D9-739981B1C019}.Ad-Hoc|Any CPU.Build.0 = Release|x86
		{9F2BE21E-67D0-419F-B7D9-739981B1C019}.Ad-Hoc|Any CPU.Deploy.0 = Release|x86
		{9F2BE21E-67D0-419F-B7D9-739981B1C019}.Ad-Hoc|ARM.ActiveCfg = Release|ARM
		{9F2BE21E-67D0-419F-B7D9-739981B1C019}.Ad-Hoc|ARM.Build.0 = Release|ARM
		{9F2BE21E-67D0-419F-B7D9-739981B1C019}.Ad-Hoc|ARM.Deploy.0 = Release|ARM
		{9F2BE21E-67D0-419F-B7D9-739981B1C019}.Ad-Hoc|iPhone.ActiveCfg = Release|x86
		{9F2BE21E-67D0-419F-B7D9-739981B1C019}.Ad-Hoc|iPhone.Build.0 = Release|x86
		{9F2BE21E-67D0-419F-B7D9-739981B1C019}.Ad-Hoc|iPhone.Deploy.0 = Release|x86
		{9F2BE21E-67D0-419F-B7D9-739981B1C019}.Ad-Hoc|iPhoneSimulator.ActiveCfg = Release|x86
		{9F2BE21E-67D0-419F-B7D9-739981B1C019}.Ad-Hoc|iPhoneSimulator.Build.0 = Release|x86
		{9F2BE21E-67D0-419F-B7D9-739981B1C019}.Ad-Hoc|iPhoneSimulator.Deploy.0 = Release|x86
		{9F2BE21E-67D0-419F-B7D9-739981B1C019}.Ad-Hoc|Mixed Platforms.ActiveCfg = Release|x86
		{9F2BE21E-67D0-419F-B7D9-739981B1C019}.Ad-Hoc|Mixed Platforms.Build.0 = Release|x86
		{9F2BE21E-67D0-419F-B7D9-739981B1C019}.Ad-Hoc|Mixed Platforms.Deploy.0 = Release|x86
		{9F2BE21E-67D0-419F-B7D9-739981B1C019}.Ad-Hoc|x64.ActiveCfg = Release|x64
		{9F2BE21E-67D0-419F-B7D9-739981B1C019}.Ad-Hoc|x64.Build.0 = Release|x64
		{9F2BE21E-67D0-419F-B7D9-739981B1C019}.Ad-Hoc|x64.Deploy.0 = Release|x64
		{9F2BE21E-67D0-419F-B7D9-739981B1C019}.Ad-Hoc|x86.ActiveCfg = Release|x86
		{9F2BE21E-67D0-419F-B7D9-739981B1C019}.Ad-Hoc|x86.Build.0 = Release|x86
		{9F2BE21E-67D0-419F-B7D9-739981B1C019}.Ad-Hoc|x86.Deploy.0 = Release|x86
		{9F2BE21E-67D0-419F-B7D9-739981B1C019}.AppStore|Any CPU.ActiveCfg = Release|x86
		{9F2BE21E-67D0-419F-B7D9-739981B1C019}.AppStore|Any CPU.Build.0 = Release|x86
		{9F2BE21E-67D0-419F-B7D9-739981B1C019}.AppStore|Any CPU.Deploy.0 = Release|x86
		{9F2BE21E-67D0-419F-B7D9-739981B1C019}.AppStore|ARM.ActiveCfg = Release|ARM
		{9F2BE21E-67D0-419F-B7D9-739981B1C019}.AppStore|ARM.Build.0 = Release|ARM
		{9F2BE21E-67D0-419F-B7D9-739981B1C019}.AppStore|ARM.Deploy.0 = Release|ARM
		{9F2BE21E-67D0-419F-B7D9-739981B1C019}.AppStore|iPhone.ActiveCfg = Release|x86
		{9F2BE21E-67D0-419F-B7D9-739981B1C019}.AppStore|iPhone.Build.0 = Release|x86
		{9F2BE21E-67D0-419F-B7D9-739981B1C019}.AppStore|iPhone.Deploy.0 = Release|x86
		{9F2BE21E-67D0-419F-B7D9-739981B1C019}.AppStore|iPhoneSimulator.ActiveCfg = Release|x86
		{9F2BE21E-67D0-419F-B7D9-739981B1C019}.AppStore|iPhoneSimulator.Build.0 = Release|x86
		{9F2BE21E-67D0-419F-B7D9-739981B1C019}.AppStore|iPhoneSimulator.Deploy.0 = Release|x86
		{9F2BE21E-67D0-419F-B7D9-739981B1C019}.AppStore|Mixed Platforms.ActiveCfg = Release|x86
		{9F2BE21E-67D0-419F-B7D9-739981B1C019}.AppStore|Mixed Platforms.Build.0 = Release|x86
		{9F2BE21E-67D0-419F-B7D9-739981B1C019}.AppStore|Mixed Platforms.Deploy.0 = Release|x86
		{9F2BE21E-67D0-419F-B7D9-739981B1C019}.AppStore|x64.ActiveCfg = Release|x64
		{9F2BE21E-67D0-419F-B7D9-739981B1C019}.AppStore|x64.Build.0 = Release|x64
		{9F2BE21E-67D0-419F-B7D9-739981B1C019}.AppStore|x64.Deploy.0 = Release|x64
		{9F2BE21E-67D0-419F-B7D9-739981B1C019}.AppStore|x86.ActiveCfg = Release|x86
		{9F2BE21E-67D0-419F-B7D9-739981B1C019}.AppStore|x86.Build.0 = Release|x86
		{9F2BE21E-67D0-419F-B7D9-739981B1C019}.AppStore|x86.Deploy.0 = Release|x86
		{9F2BE21E-67D0-419F-B7D9-739981B1C019}.Debug|Any CPU.ActiveCfg = Debug|x86
		{9F2BE21E-67D0-419F-B7D9-739981B1C019}.Debug|Any CPU.Build.0 = Debug|x86
		{9F2BE21E-67D0-419F-B7D9-739981B1C019}.Debug|Any CPU.Deploy.0 = Debug|x86
		{9F2BE21E-67D0-419F-B7D9-739981B1C019}.Debug|ARM.ActiveCfg = Debug|ARM
		{9F2BE21E-67D0-419F-B7D9-739981B1C019}.Debug|ARM.Build.0 = Debug|ARM
		{9F2BE21E-67D0-419F-B7D9-739981B1C019}.Debug|ARM.Deploy.0 = Debug|ARM
		{9F2BE21E-67D0-419F-B7D9-739981B1C019}.Debug|iPhone.ActiveCfg = Debug|x86
		{9F2BE21E-67D0-419F-B7D9-739981B1C019}.Debug|iPhoneSimulator.ActiveCfg = Debug|x86
		{9F2BE21E-67D0-419F-B7D9-739981B1C019}.Debug|Mixed Platforms.ActiveCfg = Debug|x86
		{9F2BE21E-67D0-419F-B7D9-739981B1C019}.Debug|Mixed Platforms.Build.0 = Debug|x86
		{9F2BE21E-67D0-419F-B7D9-739981B1C019}.Debug|Mixed Platforms.Deploy.0 = Debug|x86
		{9F2BE21E-67D0-419F-B7D9-739981B1C019}.Debug|x64.ActiveCfg = Debug|x64
		{9F2BE21E-67D0-419F-B7D9-739981B1C019}.Debug|x64.Build.0 = Debug|x64
		{9F2BE21E-67D0-419F-B7D9-739981B1C019}.Debug|x64.Deploy.0 = Debug|x64
		{9F2BE21E-67D0-419F-B7D9-739981B1C019}.Debug|x86.ActiveCfg = Debug|x86
		{9F2BE21E-67D0-419F-B7D9-739981B1C019}.Debug|x86.Build.0 = Debug|x86
		{9F2BE21E-67D0-419F-B7D9-739981B1C019}.Debug|x86.Deploy.0 = Debug|x86
		{9F2BE21E-67D0-419F-B7D9-739981B1C019}.Release|Any CPU.ActiveCfg = Release|x86
		{9F2BE21E-67D0-419F-B7D9-739981B1C019}.Release|ARM.ActiveCfg = Release|ARM
		{9F2BE21E-67D0-419F-B7D9-739981B1C019}.Release|ARM.Build.0 = Release|ARM
		{9F2BE21E-67D0-419F-B7D9-739981B1C019}.Release|ARM.Deploy.0 = Release|ARM
		{9F2BE21E-67D0-419F-B7D9-739981B1C019}.Release|iPhone.ActiveCfg = Release|x86
		{9F2BE21E-67D0-419F-B7D9-739981B1C019}.Release|iPhoneSimulator.ActiveCfg = Release|x86
		{9F2BE21E-67D0-419F-B7D9-739981B1C019}.Release|Mixed Platforms.ActiveCfg = Release|x86
		{9F2BE21E-67D0-419F-B7D9-739981B1C019}.Release|Mixed Platforms.Build.0 = Release|x86
		{9F2BE21E-67D0-419F-B7D9-739981B1C019}.Release|Mixed Platforms.Deploy.0 = Release|x86
		{9F2BE21E-67D0-419F-B7D9-739981B1C019}.Release|x64.ActiveCfg = Release|x64
		{9F2BE21E-67D0-419F-B7D9-739981B1C019}.Release|x64.Build.0 = Release|x64
		{9F2BE21E-67D0-419F-B7D9-739981B1C019}.Release|x64.Deploy.0 = Release|x64
		{9F2BE21E-67D0-419F-B7D9-739981B1C019}.Release|x86.ActiveCfg = Release|x86
		{9F2BE21E-67D0-419F-B7D9-739981B1C019}.Release|x86.Build.0 = Release|x86
		{9F2BE21E-67D0-419F-B7D9-739981B1C019}.Release|x86.Deploy.0 = Release|x86
	EndGlobalSection
	GlobalSection(SolutionProperties) = preSolution
		HideSolutionNode = FALSE
	EndGlobalSection
EndGlobal
